
Microsoft Visual Studio Solution File, Format Version 12.00
Project("{FAE04EC0-301F-11D3-BF4B-00C04F79EFBC}") = "Commander", "src\Commander\Commander.csproj", "{E3F5FFD9-B36C-4D38-8CD4-B5F1B1624563}"
EndProject
Project("{FAE04EC0-301F-11D3-BF4B-00C04F79EFBC}") = "Commander.Tests", "src\Commander.Tests\Commander.Tests.csproj", "{A876FDE0-2A07-4A55-9353-92C719029B97}"
EndProject
Global
	GlobalSection(SolutionConfigurationPlatforms) = preSolution
		Debug|Any CPU = Debug|Any CPU
		Release|Any CPU = Release|Any CPU
	EndGlobalSection
	GlobalSection(ProjectConfigurationPlatforms) = postSolution
		{E3F5FFD9-B36C-4D38-8CD4-B5F1B1624563}.Debug|Any CPU.ActiveCfg = Debug|Any CPU
		{E3F5FFD9-B36C-4D38-8CD4-B5F1B1624563}.Debug|Any CPU.Build.0 = Debug|Any CPU
		{E3F5FFD9-B36C-4D38-8CD4-B5F1B1624563}.Release|Any CPU.ActiveCfg = Release|Any CPU
		{E3F5FFD9-B36C-4D38-8CD4-B5F1B1624563}.Release|Any CPU.Build.0 = Release|Any CPU
		{A876FDE0-2A07-4A55-9353-92C719029B97}.Debug|Any CPU.ActiveCfg = Debug|Any CPU
		{A876FDE0-2A07-4A55-9353-92C719029B97}.Debug|Any CPU.Build.0 = Debug|Any CPU
		{A876FDE0-2A07-4A55-9353-92C719029B97}.Release|Any CPU.ActiveCfg = Release|Any CPU
		{A876FDE0-2A07-4A55-9353-92C719029B97}.Release|Any CPU.Build.0 = Release|Any CPU
	EndGlobalSection
EndGlobal
